{
  "version": 4,
  "terraform_version": "1.7.0",
  "serial": 5,
  "lineage": "0f7ba18d-9617-7fff-8766-6aece35ae8c2",
  "outputs": {
    "instances": {
      "value": {
        "artifact-storage-0": {
          "external_ip": "35.220.153.27",
          "internal_ip": "10.170.0.7",
          "role": "artifact-storage"
        },
        "ci-cd-0": {
          "external_ip": "34.92.2.226",
          "internal_ip": "10.170.0.6",
          "role": "ci-cd"
        },
        "code-quality-0": {
          "external_ip": "34.92.168.118",
          "internal_ip": "10.170.0.8",
          "role": "code-quality"
        }
      },
      "type": [
        "object",
        {
          "artifact-storage-0": [
            "object",
            {
              "external_ip": "string",
              "internal_ip": "string",
              "role": "string"
            }
          ],
          "ci-cd-0": [
            "object",
            {
              "external_ip": "string",
              "internal_ip": "string",
              "role": "string"
            }
          ],
          "code-quality-0": [
            "object",
            {
              "external_ip": "string",
              "internal_ip": "string",
              "role": "string"
            }
          ]
        }
      ]
    },
    "instances_by_role": {
      "value": {
        "artifact-storage": [
          "35.220.153.27"
        ],
        "ci-cd": [
          "34.92.2.226"
        ],
        "code-quality": [
          "34.92.168.118"
        ]
      },
      "type": [
        "object",
        {
          "artifact-storage": [
            "tuple",
            [
              "string"
            ]
          ],
          "ci-cd": [
            "tuple",
            [
              "string"
            ]
          ],
          "code-quality": [
            "tuple",
            [
              "string"
            ]
          ]
        }
      ]
    }
  },
  "resources": [
    {
      "mode": "data",
      "type": "google_compute_image",
      "name": "ubuntu",
      "provider": "provider[\"registry.terraform.io/hashicorp/google\"]",
      "instances": [
        {
          "schema_version": 0,
          "attributes": {
            "archive_size_bytes": 3633714624,
            "creation_timestamp": "2026-06-23T08:11:14.769-07:00",
            "description": "Canonical, Ubuntu, 22.04 LTS, amd64 jammy image built on 2026-06-23",
            "disk_size_gb": 10,
            "family": "ubuntu-2204-lts",
            "filter": null,
            "id": "projects/ubuntu-os-cloud/global/images/ubuntu-2204-jammy-v20260623",
            "image_encryption_key_sha256": "",
            "image_id": "768974430924119293",
            "label_fingerprint": "iNBmVNCFF9w=",
            "labels": {
              "public-image": "true"
            },
            "licenses": [
              "https://www.googleapis.com/compute/v1/projects/ubuntu-os-cloud/global/licenses/ubuntu-2204-lts"
            ],
            "most_recent": false,
            "name": "ubuntu-2204-jammy-v20260623",
            "project": "ubuntu-os-cloud",
            "self_link": "https://www.googleapis.com/compute/v1/projects/ubuntu-os-cloud/global/images/ubuntu-2204-jammy-v20260623",
            "source_disk": "",
            "source_disk_encryption_key_sha256": "",
            "source_disk_id": "",
            "source_image_id": "",
            "status": "READY"
          },
          "sensitive_attributes": []
        }
      ]
    },
    {
      "mode": "managed",
      "type": "google_compute_instance",
      "name": "node",
      "provider": "provider[\"registry.terraform.io/hashicorp/google\"]",
      "instances": [
        {
          "index_key": "artifact-storage-0",
          "schema_version": 6,
          "attributes": {
            "advanced_machine_features": [],
            "allow_stopping_for_update": null,
            "attached_disk": [],
            "boot_disk": [
              {
                "auto_delete": true,
                "device_name": "persistent-disk-0",
                "disk_encryption_key_raw": "",
                "disk_encryption_key_sha256": "",
                "initialize_params": [
                  {
                    "enable_confidential_compute": false,
                    "image": "https://www.googleapis.com/compute/v1/projects/ubuntu-os-cloud/global/images/ubuntu-2204-jammy-v20260623",
                    "labels": {},
                    "provisioned_iops": 0,
                    "provisioned_throughput": 0,
                    "resource_manager_tags": null,
                    "size": 10,
                    "storage_pool": "",
                    "type": "pd-standard"
                  }
                ],
                "kms_key_self_link": "",
                "mode": "READ_WRITE",
                "source": "https://www.googleapis.com/compute/v1/projects/project-a061befe-8762-43fd-b98/zones/asia-east2-c/disks/setops-artifact-storage-0"
              }
            ],
            "can_ip_forward": false,
            "confidential_instance_config": [],
            "cpu_platform": "AMD Rome",
            "current_status": "RUNNING",
            "deletion_protection": false,
            "description": "",
            "desired_status": null,
            "effective_labels": {
              "role": "artifact-storage"
            },
            "enable_display": false,
            "guest_accelerator": [],
            "hostname": "",
            "id": "projects/project-a061befe-8762-43fd-b98/zones/asia-east2-c/instances/setops-artifact-storage-0",
            "instance_id": "3787244088100621287",
            "label_fingerprint": "FpkqrPmD52Y=",
            "labels": {
              "role": "artifact-storage"
            },
            "machine_type": "e2-medium",
            "metadata": {
              "ssh-keys": "theara6574:ssh-ed25519 AAAAC3NzaC1lZDI1NTE5AAAAIHqOS882GkYsYDg4TTM1jOXB7P7oA7vOwU/qy2Mzo+PL theara6574@gmail.com"
            },
            "metadata_fingerprint": "DhJ1RG8aRkw=",
            "metadata_startup_script": null,
            "min_cpu_platform": "",
            "name": "setops-artifact-storage-0",
            "network_interface": [
              {
                "access_config": [
                  {
                    "nat_ip": "35.220.153.27",
                    "network_tier": "PREMIUM",
                    "public_ptr_domain_name": ""
                  }
                ],
                "alias_ip_range": [],
                "internal_ipv6_prefix_length": 0,
                "ipv6_access_config": [],
                "ipv6_access_type": "",
                "ipv6_address": "",
                "name": "nic0",
                "network": "https://www.googleapis.com/compute/v1/projects/project-a061befe-8762-43fd-b98/global/networks/default",
                "network_ip": "10.170.0.7",
                "nic_type": "",
                "queue_count": 0,
                "stack_type": "IPV4_ONLY",
                "subnetwork": "https://www.googleapis.com/compute/v1/projects/project-a061befe-8762-43fd-b98/regions/asia-east2/subnetworks/default",
                "subnetwork_project": "project-a061befe-8762-43fd-b98"
              }
            ],
            "network_performance_config": [],
            "params": [],
            "project": "project-a061befe-8762-43fd-b98",
            "reservation_affinity": [],
            "resource_policies": null,
            "scheduling": [
              {
                "automatic_restart": true,
                "instance_termination_action": "",
                "local_ssd_recovery_timeout": [],
                "max_run_duration": [],
                "min_node_cpus": 0,
                "node_affinities": [],
                "on_host_maintenance": "MIGRATE",
                "on_instance_stop_action": [],
                "preemptible": false,
                "provisioning_model": "STANDARD"
              }
            ],
            "scratch_disk": [],
            "self_link": "https://www.googleapis.com/compute/v1/projects/project-a061befe-8762-43fd-b98/zones/asia-east2-c/instances/setops-artifact-storage-0",
            "service_account": [],
            "shielded_instance_config": [
              {
                "enable_integrity_monitoring": true,
                "enable_secure_boot": false,
                "enable_vtpm": true
              }
            ],
            "tags": [
              "ssh"
            ],
            "tags_fingerprint": "pfSjJj1RiUg=",
            "terraform_labels": {
              "role": "artifact-storage"
            },
            "timeouts": null,
            "zone": "asia-east2-c"
          },
          "sensitive_attributes": [],
          "private": "eyJlMmJmYjczMC1lY2FhLTExZTYtOGY4OC0zNDM2M2JjN2M0YzAiOnsiY3JlYXRlIjoxMjAwMDAwMDAwMDAwLCJkZWxldGUiOjEyMDAwMDAwMDAwMDAsInVwZGF0ZSI6MTIwMDAwMDAwMDAwMH0sInNjaGVtYV92ZXJzaW9uIjoiNiJ9",
          "dependencies": [
            "data.google_compute_image.ubuntu"
          ]
        },
        {
          "index_key": "ci-cd-0",
          "schema_version": 6,
          "attributes": {
            "advanced_machine_features": [],
            "allow_stopping_for_update": null,
            "attached_disk": [],
            "boot_disk": [
              {
                "auto_delete": true,
                "device_name": "persistent-disk-0",
                "disk_encryption_key_raw": "",
                "disk_encryption_key_sha256": "",
                "initialize_params": [
                  {
                    "enable_confidential_compute": false,
                    "image": "https://www.googleapis.com/compute/v1/projects/ubuntu-os-cloud/global/images/ubuntu-2204-jammy-v20260623",
                    "labels": {},
                    "provisioned_iops": 0,
                    "provisioned_throughput": 0,
                    "resource_manager_tags": null,
                    "size": 10,
                    "storage_pool": "",
                    "type": "pd-standard"
                  }
                ],
                "kms_key_self_link": "",
                "mode": "READ_WRITE",
                "source": "https://www.googleapis.com/compute/v1/projects/project-a061befe-8762-43fd-b98/zones/asia-east2-c/disks/setops-ci-cd-0"
              }
            ],
            "can_ip_forward": false,
            "confidential_instance_config": [],
            "cpu_platform": "Intel Broadwell",
            "current_status": "RUNNING",
            "deletion_protection": false,
            "description": "",
            "desired_status": null,
            "effective_labels": {
              "role": "ci-cd"
            },
            "enable_display": false,
            "guest_accelerator": [],
            "hostname": "",
            "id": "projects/project-a061befe-8762-43fd-b98/zones/asia-east2-c/instances/setops-ci-cd-0",
            "instance_id": "9054476818956913639",
            "label_fingerprint": "xKCUw9SXYlc=",
            "labels": {
              "role": "ci-cd"
            },
            "machine_type": "e2-medium",
            "metadata": {
              "ssh-keys": "theara6574:ssh-ed25519 AAAAC3NzaC1lZDI1NTE5AAAAIHqOS882GkYsYDg4TTM1jOXB7P7oA7vOwU/qy2Mzo+PL theara6574@gmail.com"
            },
            "metadata_fingerprint": "DhJ1RG8aRkw=",
            "metadata_startup_script": null,
            "min_cpu_platform": "",
            "name": "setops-ci-cd-0",
            "network_interface": [
              {
                "access_config": [
                  {
                    "nat_ip": "34.92.2.226",
                    "network_tier": "PREMIUM",
                    "public_ptr_domain_name": ""
                  }
                ],
                "alias_ip_range": [],
                "internal_ipv6_prefix_length": 0,
                "ipv6_access_config": [],
                "ipv6_access_type": "",
                "ipv6_address": "",
                "name": "nic0",
                "network": "https://www.googleapis.com/compute/v1/projects/project-a061befe-8762-43fd-b98/global/networks/default",
                "network_ip": "10.170.0.6",
                "nic_type": "",
                "queue_count": 0,
                "stack_type": "IPV4_ONLY",
                "subnetwork": "https://www.googleapis.com/compute/v1/projects/project-a061befe-8762-43fd-b98/regions/asia-east2/subnetworks/default",
                "subnetwork_project": "project-a061befe-8762-43fd-b98"
              }
            ],
            "network_performance_config": [],
            "params": [],
            "project": "project-a061befe-8762-43fd-b98",
            "reservation_affinity": [],
            "resource_policies": null,
            "scheduling": [
              {
                "automatic_restart": true,
                "instance_termination_action": "",
                "local_ssd_recovery_timeout": [],
                "max_run_duration": [],
                "min_node_cpus": 0,
                "node_affinities": [],
                "on_host_maintenance": "MIGRATE",
                "on_instance_stop_action": [],
                "preemptible": false,
                "provisioning_model": "STANDARD"
              }
            ],
            "scratch_disk": [],
            "self_link": "https://www.googleapis.com/compute/v1/projects/project-a061befe-8762-43fd-b98/zones/asia-east2-c/instances/setops-ci-cd-0",
            "service_account": [],
            "shielded_instance_config": [
              {
                "enable_integrity_monitoring": true,
                "enable_secure_boot": false,
                "enable_vtpm": true
              }
            ],
            "tags": [
              "ssh"
            ],
            "tags_fingerprint": "pfSjJj1RiUg=",
            "terraform_labels": {
              "role": "ci-cd"
            },
            "timeouts": null,
            "zone": "asia-east2-c"
          },
          "sensitive_attributes": [],
          "private": "eyJlMmJmYjczMC1lY2FhLTExZTYtOGY4OC0zNDM2M2JjN2M0YzAiOnsiY3JlYXRlIjoxMjAwMDAwMDAwMDAwLCJkZWxldGUiOjEyMDAwMDAwMDAwMDAsInVwZGF0ZSI6MTIwMDAwMDAwMDAwMH0sInNjaGVtYV92ZXJzaW9uIjoiNiJ9",
          "dependencies": [
            "data.google_compute_image.ubuntu"
          ]
        },
        {
          "index_key": "code-quality-0",
          "schema_version": 6,
          "attributes": {
            "advanced_machine_features": [],
            "allow_stopping_for_update": null,
            "attached_disk": [],
            "boot_disk": [
              {
                "auto_delete": true,
                "device_name": "persistent-disk-0",
                "disk_encryption_key_raw": "",
                "disk_encryption_key_sha256": "",
                "initialize_params": [
                  {
                    "enable_confidential_compute": false,
                    "image": "https://www.googleapis.com/compute/v1/projects/ubuntu-os-cloud/global/images/ubuntu-2204-jammy-v20260623",
                    "labels": {},
                    "provisioned_iops": 0,
                    "provisioned_throughput": 0,
                    "resource_manager_tags": null,
                    "size": 10,
                    "storage_pool": "",
                    "type": "pd-standard"
                  }
                ],
                "kms_key_self_link": "",
                "mode": "READ_WRITE",
                "source": "https://www.googleapis.com/compute/v1/projects/project-a061befe-8762-43fd-b98/zones/asia-east2-c/disks/setops-code-quality-0"
              }
            ],
            "can_ip_forward": false,
            "confidential_instance_config": [],
            "cpu_platform": "AMD Rome",
            "current_status": "RUNNING",
            "deletion_protection": false,
            "description": "",
            "desired_status": null,
            "effective_labels": {
              "role": "code-quality"
            },
            "enable_display": false,
            "guest_accelerator": [],
            "hostname": "",
            "id": "projects/project-a061befe-8762-43fd-b98/zones/asia-east2-c/instances/setops-code-quality-0",
            "instance_id": "6196005135180598247",
            "label_fingerprint": "NxiQJQHX7NI=",
            "labels": {
              "role": "code-quality"
            },
            "machine_type": "e2-medium",
            "metadata": {
              "ssh-keys": "theara6574:ssh-ed25519 AAAAC3NzaC1lZDI1NTE5AAAAIHqOS882GkYsYDg4TTM1jOXB7P7oA7vOwU/qy2Mzo+PL theara6574@gmail.com"
            },
            "metadata_fingerprint": "DhJ1RG8aRkw=",
            "metadata_startup_script": null,
            "min_cpu_platform": "",
            "name": "setops-code-quality-0",
            "network_interface": [
              {
                "access_config": [
                  {
                    "nat_ip": "34.92.168.118",
                    "network_tier": "PREMIUM",
                    "public_ptr_domain_name": ""
                  }
                ],
                "alias_ip_range": [],
                "internal_ipv6_prefix_length": 0,
                "ipv6_access_config": [],
                "ipv6_access_type": "",
                "ipv6_address": "",
                "name": "nic0",
                "network": "https://www.googleapis.com/compute/v1/projects/project-a061befe-8762-43fd-b98/global/networks/default",
                "network_ip": "10.170.0.8",
                "nic_type": "",
                "queue_count": 0,
                "stack_type": "IPV4_ONLY",
                "subnetwork": "https://www.googleapis.com/compute/v1/projects/project-a061befe-8762-43fd-b98/regions/asia-east2/subnetworks/default",
                "subnetwork_project": "project-a061befe-8762-43fd-b98"
              }
            ],
            "network_performance_config": [],
            "params": [],
            "project": "project-a061befe-8762-43fd-b98",
            "reservation_affinity": [],
            "resource_policies": null,
            "scheduling": [
              {
                "automatic_restart": true,
                "instance_termination_action": "",
                "local_ssd_recovery_timeout": [],
                "max_run_duration": [],
                "min_node_cpus": 0,
                "node_affinities": [],
                "on_host_maintenance": "MIGRATE",
                "on_instance_stop_action": [],
                "preemptible": false,
                "provisioning_model": "STANDARD"
              }
            ],
            "scratch_disk": [],
            "self_link": "https://www.googleapis.com/compute/v1/projects/project-a061befe-8762-43fd-b98/zones/asia-east2-c/instances/setops-code-quality-0",
            "service_account": [],
            "shielded_instance_config": [
              {
                "enable_integrity_monitoring": true,
                "enable_secure_boot": false,
                "enable_vtpm": true
              }
            ],
            "tags": [
              "ssh"
            ],
            "tags_fingerprint": "pfSjJj1RiUg=",
            "terraform_labels": {
              "role": "code-quality"
            },
            "timeouts": null,
            "zone": "asia-east2-c"
          },
          "sensitive_attributes": [],
          "private": "eyJlMmJmYjczMC1lY2FhLTExZTYtOGY4OC0zNDM2M2JjN2M0YzAiOnsiY3JlYXRlIjoxMjAwMDAwMDAwMDAwLCJkZWxldGUiOjEyMDAwMDAwMDAwMDAsInVwZGF0ZSI6MTIwMDAwMDAwMDAwMH0sInNjaGVtYV92ZXJzaW9uIjoiNiJ9",
          "dependencies": [
            "data.google_compute_image.ubuntu"
          ]
        }
      ]
    },
    {
      "mode": "managed",
      "type": "local_file",
      "name": "ansible_inventory",
      "provider": "provider[\"registry.terraform.io/hashicorp/local\"]",
      "instances": [
        {
          "schema_version": 0,
          "attributes": {
            "content": "[artifact-storage]\nsetops-artifact-storage-0 ansible_host=35.220.153.27\n[ci-cd]\nsetops-ci-cd-0 ansible_host=34.92.2.226\n[code-quality]\nsetops-code-quality-0 ansible_host=34.92.168.118\n[all:vars]\nansible_user=theara6574\nansible_ssh_private_key_file=~/.ssh/id_ed25519\nansible_ssh_common_args=-o StrictHostKeyChecking=accept-new",
            "content_base64": null,
            "content_base64sha256": "BqK5S6T7dPmROfAXcEkCraagZBAoHM7qcxPcafIi58U=",
            "content_base64sha512": "FbZrC2zmJkArsCauKGsX9ZpJxCGoYIwDw+VLgSDZ7trNpYMYwAlN906Ae4PewLLICjra7jLcw66LVEADoa/aJg==",
            "content_md5": "4f4242cd6f34a2070ca9c13c0b59e344",
            "content_sha1": "b4ef56c7f172de415646fb3c0c9a02bf862ffa67",
            "content_sha256": "06a2b94ba4fb74f99139f017704902ada6a06410281cceea7313dc69f222e7c5",
            "content_sha512": "15b66b0b6ce626402bb026ae286b17f59a49c421a8608c03c3e54b8120d9eedacda58318c0094df74e807b83dec0b2c80a3adaee32dcc3ae8b544003a1afda26",
            "directory_permission": "0777",
            "file_permission": "0644",
            "filename": "../ansible/inventory.ini",
            "id": "b4ef56c7f172de415646fb3c0c9a02bf862ffa67",
            "sensitive_content": null,
            "source": null
          },
          "sensitive_attributes": [],
          "dependencies": [
            "data.google_compute_image.ubuntu",
            "google_compute_instance.node"
          ]
        }
      ]
    }
  ],
  "check_results": null
}
